
Microsoft Visual Studio Solution File, Format Version 12.00
# Visual Studio 14
VisualStudioVersion = 14.0.25420.1
MinimumVisualStudioVersion = 10.0.40219.1
Project("{FAE04EC0-301F-11D3-BF4B-00C04F79EFBC}") = "SS_OpenCV", "SS_OpenCV\SS_OpenCV.csproj", "{CD855189-4EC3-4D94-8305-CE02B0E98ED1}"
EndProject
Global
	GlobalSection(SolutionConfigurationPlatforms) = preSolution
		Debug|Any CPU = Debug|Any CPU
		Release|Any CPU = Release|Any CPU
		x|Any CPU = x|Any CPU
	EndGlobalSection
	GlobalSection(ProjectConfigurationPlatforms) = postSolution
		{CD855189-4EC3-4D94-8305-CE02B0E98ED1}.Debug|Any CPU.ActiveCfg = Debug|Any CPU
		{CD855189-4EC3-4D94-8305-CE02B0E98ED1}.Debug|Any CPU.Build.0 = Debug|Any CPU
		{CD855189-4EC3-4D94-8305-CE02B0E98ED1}.Release|Any CPU.ActiveCfg = Release|Any CPU
		{CD855189-4EC3-4D94-8305-CE02B0E98ED1}.Release|Any CPU.Build.0 = Release|Any CPU
		{CD855189-4EC3-4D94-8305-CE02B0E98ED1}.x|Any CPU.ActiveCfg = Release|Any CPU
		{CD855189-4EC3-4D94-8305-CE02B0E98ED1}.x|Any CPU.Build.0 = Release|Any CPU
	EndGlobalSection
	GlobalSection(SolutionProperties) = preSolution
		HideSolutionNode = FALSE
	EndGlobalSection
EndGlobal
